<?xml version="1.0" encoding="UTF-8" standalone="yes" ?>
<CodeBlocks_project_file>
	<FileVersion major="1" minor="6" />
	<Project>
		<Option title="cli" />
		<Option pch_mode="2" />
		<Option compiler="gnu_gcc_compiler_mingw-w64-x86_64-gcc" />
		<Build>
			<Target title="Release">
				<Option output="../bin/cli_test" prefix_auto="1" extension_auto="1" />
				<Option object_output="obj/" />
				<Option type="1" />
				<Option compiler="gnu_gcc_compiler_mingw-w64-x86_64-gcc" />
				<Compiler>
					<Add option="-O2" />
				</Compiler>
				<Linker>
					<Add option="-s" />
				</Linker>
			</Target>
		</Build>
		<Compiler>
			<Add option="-std=c++11" />
			<Add option="-Wall" />
			<Add directory="$(#mingw-w64.include)" />
			<Add directory="$(#utl)" />
			<Add directory="D:/Lucas/projects/utl/test/cli/src" />
			<Add directory="D:/Lucas/projects/utl/test/test" />
		</Compiler>
		<Linker>
			<Add option="-static" />
		</Linker>
		<Unit filename="../../utl/cli.hpp" />
		<Unit filename="../../utl/cli/detail/parse.ipp" />
		<Unit filename="../../utl/cli/option.ipp" />
		<Unit filename="../../utl/cli/usage.ipp" />
		<Unit filename="../test/utl_test.hpp" />
		<Unit filename="src/cli_test.cpp" />
		<Extensions>
			<code_completion />
			<envvars />
			<debugger />
		</Extensions>
	</Project>
</CodeBlocks_project_file>
