<?xml version="1.0" encoding="UTF-8" standalone="yes" ?>
<CodeBlocks_project_file>
	<FileVersion major="1" minor="6" />
	<Project>
		<Option title="chrono" />
		<Option pch_mode="2" />
		<Option compiler="gnu_gcc_compiler_mingw-w64-x86_64-gcc" />
		<Build>
			<Target title="Release">
				<Option output="../bin/chrono_test" prefix_auto="1" extension_auto="1" />
				<Option object_output="obj/" />
				<Option type="1" />
				<Option compiler="gnu_gcc_compiler_mingw-w64-x86_64-gcc" />
				<Compiler>
					<Add option="-O2" />
				</Compiler>
				<Linker>
					<Add option="-s" />
					<Add option="-static" />
				</Linker>
			</Target>
		</Build>
		<Compiler>
			<Add option="-std=c++11" />
			<Add option="-Wall" />
			<Add directory="$(#mingw-w64.include)" />
			<Add directory="$(#utl)" />
			<Add directory="D:/Lucas/projects/utl/test/chrono/src" />
			<Add directory="D:/Lucas/projects/utl/test/test" />
		</Compiler>
		<Unit filename="../../utl/chrono.hpp" />
		<Unit filename="../../utl/chrono/chrono_clock.hpp" />
		<Unit filename="../../utl/chrono/chrono_datetime.hpp" />
		<Unit filename="../../utl/chrono/chrono_timer.hpp" />
		<Unit filename="../../utl/chrono/chrono_timestamp.hpp" />
		<Unit filename="../test/utl_test.hpp" />
		<Unit filename="src/chrono_test.cpp" />
		<Unit filename="src/chrono_test.hpp" />
		<Unit filename="src/test_clock.cpp" />
		<Unit filename="src/test_datetime.cpp" />
		<Unit filename="src/test_time.cpp" />
		<Unit filename="src/test_timer.cpp" />
		<Unit filename="src/test_timestamp.cpp" />
		<Extensions>
			<code_completion />
			<envvars />
			<debugger />
		</Extensions>
	</Project>
</CodeBlocks_project_file>
